// !$*UTF8*$!
{
	archiveVersion = 1;
	classes = {
	};
	objectVersion = 46;
	objects = {

/* Begin PBXBuildFile section */
		1822A71E1BBE4BD500019B58 /* LoginPage.m in Sources */ = {isa = PBXBuildFile; fileRef = 1822A71D1BBE4BD500019B58 /* LoginPage.m */; };
		1822C4501BD4FCC400DD24C0 /* uparrowButton.png in Resources */ = {isa = PBXBuildFile; fileRef = 1822C44F1BD4FCC400DD24C0 /* uparrowButton.png */; };
		1822C4531BD5054000DD24C0 /* ProfileContainerViewController.m in Sources */ = {isa = PBXBuildFile; fileRef = 1822C4521BD5054000DD24C0 /* ProfileContainerViewController.m */; };
		1822C4561BD50CD500DD24C0 /* AppointmentContainerViewController.m in Sources */ = {isa = PBXBuildFile; fileRef = 1822C4551BD50CD500DD24C0 /* AppointmentContainerViewController.m */; };
		182394E51BBD0DCE00D97366 /* main.m in Sources */ = {isa = PBXBuildFile; fileRef = 182394E41BBD0DCE00D97366 /* main.m */; };
		182394E81BBD0DCE00D97366 /* AppDelegate.m in Sources */ = {isa = PBXBuildFile; fileRef = 182394E71BBD0DCE00D97366 /* AppDelegate.m */; };
		182394EB1BBD0DCE00D97366 /* ViewController.m in Sources */ = {isa = PBXBuildFile; fileRef = 182394EA1BBD0DCE00D97366 /* ViewController.m */; };
		182394EE1BBD0DCE00D97366 /* Main.storyboard in Resources */ = {isa = PBXBuildFile; fileRef = 182394EC1BBD0DCE00D97366 /* Main.storyboard */; };
		182394F01BBD0DCE00D97366 /* Images.xcassets in Resources */ = {isa = PBXBuildFile; fileRef = 182394EF1BBD0DCE00D97366 /* Images.xcassets */; };
		182394F31BBD0DCE00D97366 /* LaunchScreen.xib in Resources */ = {isa = PBXBuildFile; fileRef = 182394F11BBD0DCE00D97366 /* LaunchScreen.xib */; };
		182394FF1BBD0DCE00D97366 /* MedicoTests.m in Sources */ = {isa = PBXBuildFile; fileRef = 182394FE1BBD0DCE00D97366 /* MedicoTests.m */; };
		18327F171BC4E57A002210BC /* ForgotPasswordView.m in Sources */ = {isa = PBXBuildFile; fileRef = 18327F161BC4E57A002210BC /* ForgotPasswordView.m */; };
		18327F1A1BC4E8FC002210BC /* SMSConfirmationView.m in Sources */ = {isa = PBXBuildFile; fileRef = 18327F191BC4E8FC002210BC /* SMSConfirmationView.m */; };
		18327F1D1BC4F1A0002210BC /* DoctorLandingPageView.m in Sources */ = {isa = PBXBuildFile; fileRef = 18327F1C1BC4F1A0002210BC /* DoctorLandingPageView.m */; };
		18327F201BC4F5D9002210BC /* DoctorSettingPageView.m in Sources */ = {isa = PBXBuildFile; fileRef = 18327F1F1BC4F5D9002210BC /* DoctorSettingPageView.m */; };
		18327F221BC4FD79002210BC /* MyDemo.json in Resources */ = {isa = PBXBuildFile; fileRef = 18327F211BC4FD79002210BC /* MyDemo.json */; };
		18327F2D1BC521C8002210BC /* TemplateDetailViewController.m in Sources */ = {isa = PBXBuildFile; fileRef = 18327F2C1BC521C8002210BC /* TemplateDetailViewController.m */; };
		18327F331BC5234B002210BC /* TemplateDetailCell.m in Sources */ = {isa = PBXBuildFile; fileRef = 18327F321BC5234B002210BC /* TemplateDetailCell.m */; };
		18327F361BC533EE002210BC /* downArrow.png in Resources */ = {isa = PBXBuildFile; fileRef = 18327F341BC533EE002210BC /* downArrow.png */; };
		18327F3B1BC53615002210BC /* upArrow.png in Resources */ = {isa = PBXBuildFile; fileRef = 18327F3A1BC53615002210BC /* upArrow.png */; };
		18327F3E1BC536DD002210BC /* EditTemplateView.m in Sources */ = {isa = PBXBuildFile; fileRef = 18327F3D1BC536DD002210BC /* EditTemplateView.m */; };
		1835118E1BCBE5120045BC1C /* ManageDoctorsClinicSettingsViewController.m in Sources */ = {isa = PBXBuildFile; fileRef = 1835118D1BCBE5120045BC1C /* ManageDoctorsClinicSettingsViewController.m */; };
		183511911BCBE56E0045BC1C /* ManageDoctorsClinicSettingsCell.m in Sources */ = {isa = PBXBuildFile; fileRef = 183511901BCBE56E0045BC1C /* ManageDoctorsClinicSettingsCell.m */; };
		183D1A441BD0F646003E0CFC /* arrowButton.png in Resources */ = {isa = PBXBuildFile; fileRef = 183D1A431BD0F646003E0CFC /* arrowButton.png */; };
		183D1A471BD0FBBC003E0CFC /* PatientClinicAndLabsViewController.m in Sources */ = {isa = PBXBuildFile; fileRef = 183D1A461BD0FBBC003E0CFC /* PatientClinicAndLabsViewController.m */; };
		183D1A4A1BD0FC1D003E0CFC /* PatientClinicAndLabsCell.m in Sources */ = {isa = PBXBuildFile; fileRef = 183D1A491BD0FC1D003E0CFC /* PatientClinicAndLabsCell.m */; };
		183D1A4D1BD101D9003E0CFC /* PatientClinicProfileAndAppointmentsViewController.m in Sources */ = {isa = PBXBuildFile; fileRef = 183D1A4C1BD101D9003E0CFC /* PatientClinicProfileAndAppointmentsViewController.m */; };
		18427DBD1BC23DC1002A15FC /* ManageTemplateTableViewController.m in Sources */ = {isa = PBXBuildFile; fileRef = 18427DBC1BC23DC1002A15FC /* ManageTemplateTableViewController.m */; };
		18427DC01BC23E12002A15FC /* ManageTemplateCell.m in Sources */ = {isa = PBXBuildFile; fileRef = 18427DBF1BC23E12002A15FC /* ManageTemplateCell.m */; };
		1842F3141BC38F970055597E /* ManageAssistant.m in Sources */ = {isa = PBXBuildFile; fileRef = 1842F3131BC38F970055597E /* ManageAssistant.m */; };
		1842F3161BC398BA0055597E /* delete.png in Resources */ = {isa = PBXBuildFile; fileRef = 1842F3151BC398BA0055597E /* delete.png */; };
		1842F31C1BC399A80055597E /* ManageAssistantCell.m in Sources */ = {isa = PBXBuildFile; fileRef = 1842F31B1BC399A80055597E /* ManageAssistantCell.m */; };
		1842F31F1BC3A1B50055597E /* AddAssistantView.m in Sources */ = {isa = PBXBuildFile; fileRef = 1842F31E1BC3A1B50055597E /* AddAssistantView.m */; };
		1842F3211BC3A4AF0055597E /* create.png in Resources */ = {isa = PBXBuildFile; fileRef = 1842F3201BC3A4AF0055597E /* create.png */; };
		1842F3651BC3E0300055597E /* TemplateDetailView.m in Sources */ = {isa = PBXBuildFile; fileRef = 1842F3641BC3E0300055597E /* TemplateDetailView.m */; };
		1842F3681BC3E0530055597E /* TemplateDetailViewCell.m in Sources */ = {isa = PBXBuildFile; fileRef = 1842F3671BC3E0530055597E /* TemplateDetailViewCell.m */; };
		1842F36B1BC3E7600055597E /* EditTemplateDetailView.m in Sources */ = {isa = PBXBuildFile; fileRef = 1842F36A1BC3E7600055597E /* EditTemplateDetailView.m */; };
		1842F36E1BC3E7850055597E /* EditTemplateDetailViewCell.m in Sources */ = {isa = PBXBuildFile; fileRef = 1842F36D1BC3E7850055597E /* EditTemplateDetailViewCell.m */; };
		1842F3711BC3F1600055597E /* AddNewTemplateView.m in Sources */ = {isa = PBXBuildFile; fileRef = 1842F3701BC3F1600055597E /* AddNewTemplateView.m */; };
		184F01D81BCE593800913B23 /* SearchResultAssistantViewController.m in Sources */ = {isa = PBXBuildFile; fileRef = 184F01D71BCE593800913B23 /* SearchResultAssistantViewController.m */; };
		184F01E11BCE7A1800913B23 /* DoctorLandingCell.m in Sources */ = {isa = PBXBuildFile; fileRef = 184F01E01BCE7A1800913B23 /* DoctorLandingCell.m */; };
		186BD61D1BCF78F300B43A8C /* CreateDoctorsClinicSettingsViewController.m in Sources */ = {isa = PBXBuildFile; fileRef = 186BD61C1BCF78F300B43A8C /* CreateDoctorsClinicSettingsViewController.m */; };
		186BD6201BCF7F8400B43A8C /* PatientChangePasswordViewController.m in Sources */ = {isa = PBXBuildFile; fileRef = 186BD61F1BCF7F8400B43A8C /* PatientChangePasswordViewController.m */; };
		186BD6231BCF8B3000B43A8C /* ForgotPasswordVerificationViewController.m in Sources */ = {isa = PBXBuildFile; fileRef = 186BD6221BCF8B3000B43A8C /* ForgotPasswordVerificationViewController.m */; };
		186BD6251BCFA87B00B43A8C /* HomeCountPatients.json in Resources */ = {isa = PBXBuildFile; fileRef = 186BD6241BCFA87B00B43A8C /* HomeCountPatients.json */; };
		186BD6281BCFB0FF00B43A8C /* PatientLandingPageViewController.m in Sources */ = {isa = PBXBuildFile; fileRef = 186BD6271BCFB0FF00B43A8C /* PatientLandingPageViewController.m */; };
		186BD62B1BCFB5E100B43A8C /* PatientLandingCell.m in Sources */ = {isa = PBXBuildFile; fileRef = 186BD62A1BCFB5E100B43A8C /* PatientLandingCell.m */; };
		187A0C7A1BC67BA0003AC5D9 /* SearchClinicView.m in Sources */ = {isa = PBXBuildFile; fileRef = 187A0C791BC67BA0003AC5D9 /* SearchClinicView.m */; };
		187A0C7C1BC67C78003AC5D9 /* searchButton.png in Resources */ = {isa = PBXBuildFile; fileRef = 187A0C7B1BC67C78003AC5D9 /* searchButton.png */; };
		187A0C7F1BC67F1F003AC5D9 /* checkRadio.png in Resources */ = {isa = PBXBuildFile; fileRef = 187A0C7D1BC67F1F003AC5D9 /* checkRadio.png */; };
		187A0C801BC67F1F003AC5D9 /* unchechRadio.png in Resources */ = {isa = PBXBuildFile; fileRef = 187A0C7E1BC67F1F003AC5D9 /* unchechRadio.png */; };
		187A0C821BC68ABD003AC5D9 /* ClinicList.json in Resources */ = {isa = PBXBuildFile; fileRef = 187A0C811BC68ABD003AC5D9 /* ClinicList.json */; };
		187A0C851BC68B5D003AC5D9 /* SearchClinicCell.m in Sources */ = {isa = PBXBuildFile; fileRef = 187A0C841BC68B5D003AC5D9 /* SearchClinicCell.m */; };
		1895A1DC1BC8CBF100C8647D /* DetailPatientProfileViewController.m in Sources */ = {isa = PBXBuildFile; fileRef = 1895A1DB1BC8CBF100C8647D /* DetailPatientProfileViewController.m */; };
		1897CD991BCCC5570043F0FD /* PatientSettingPageViewController.m in Sources */ = {isa = PBXBuildFile; fileRef = 1897CD981BCCC5570043F0FD /* PatientSettingPageViewController.m */; };
		1897CD9C1BCCC9F80043F0FD /* PatientTerms&ConditionsViewController.m in Sources */ = {isa = PBXBuildFile; fileRef = 1897CD9B1BCCC9F80043F0FD /* PatientTerms&ConditionsViewController.m */; };
		1897CD9F1BCCCD0F0043F0FD /* HowItWorksViewController.m in Sources */ = {isa = PBXBuildFile; fileRef = 1897CD9E1BCCCD0F0043F0FD /* HowItWorksViewController.m */; };
		1897CDA21BCD2F320043F0FD /* DoctorChangePasswordViewController.m in Sources */ = {isa = PBXBuildFile; fileRef = 1897CDA11BCD2F320043F0FD /* DoctorChangePasswordViewController.m */; };
		1897CDA51BCD33DA0043F0FD /* ChangePasswordViewController.m in Sources */ = {isa = PBXBuildFile; fileRef = 1897CDA41BCD33DA0043F0FD /* ChangePasswordViewController.m */; };
		18AD4AEE1BBD51BE009308AC /* PatientRegisterViewController.m in Sources */ = {isa = PBXBuildFile; fileRef = 18AD4AED1BBD51BE009308AC /* PatientRegisterViewController.m */; };
		18BB054A1BC24DC100D237CD /* manageAssistents.png in Resources */ = {isa = PBXBuildFile; fileRef = 18BB05491BC24DC100D237CD /* manageAssistents.png */; };
		18BB05621BC24DFE00D237CD /* appointment.png in Resources */ = {isa = PBXBuildFile; fileRef = 18BB054B1BC24DFE00D237CD /* appointment.png */; };
		18BB05631BC24DFE00D237CD /* assistance.png in Resources */ = {isa = PBXBuildFile; fileRef = 18BB054C1BC24DFE00D237CD /* assistance.png */; };
		18BB05641BC24DFE00D237CD /* calendar.png in Resources */ = {isa = PBXBuildFile; fileRef = 18BB054D1BC24DFE00D237CD /* calendar.png */; };
		18BB05651BC24DFE00D237CD /* check.png in Resources */ = {isa = PBXBuildFile; fileRef = 18BB054E1BC24DFE00D237CD /* check.png */; };
		18BB05661BC24DFE00D237CD /* checked.png in Resources */ = {isa = PBXBuildFile; fileRef = 18BB054F1BC24DFE00D237CD /* checked.png */; };
		18BB05671BC24DFE00D237CD /* default.png in Resources */ = {isa = PBXBuildFile; fileRef = 18BB05501BC24DFE00D237CD /* default.png */; };
		18BB05681BC24DFE00D237CD /* doctordefault.png in Resources */ = {isa = PBXBuildFile; fileRef = 18BB05511BC24DFE00D237CD /* doctordefault.png */; };
		18BB05691BC24DFE00D237CD /* doctorLanding.png in Resources */ = {isa = PBXBuildFile; fileRef = 18BB05521BC24DFE00D237CD /* doctorLanding.png */; };
		18BB056A1BC24DFE00D237CD /* home.png in Resources */ = {isa = PBXBuildFile; fileRef = 18BB05531BC24DFE00D237CD /* home.png */; };
		18BB056B1BC24DFE00D237CD /* location.png in Resources */ = {isa = PBXBuildFile; fileRef = 18BB05541BC24DFE00D237CD /* location.png */; };
		18BB056C1BC24DFE00D237CD /* logo.png in Resources */ = {isa = PBXBuildFile; fileRef = 18BB05551BC24DFE00D237CD /* logo.png */; };
		18BB056D1BC24DFE00D237CD /* logout.png in Resources */ = {isa = PBXBuildFile; fileRef = 18BB05561BC24DFE00D237CD /* logout.png */; };
		18BB056E1BC24DFE00D237CD /* manageAppointments.png in Resources */ = {isa = PBXBuildFile; fileRef = 18BB05571BC24DFE00D237CD /* manageAppointments.png */; };
		18BB056F1BC24DFE00D237CD /* manageClinics.png in Resources */ = {isa = PBXBuildFile; fileRef = 18BB05581BC24DFE00D237CD /* manageClinics.png */; };
		18BB05701BC24DFE00D237CD /* manageFinance.png in Resources */ = {isa = PBXBuildFile; fileRef = 18BB05591BC24DFE00D237CD /* manageFinance.png */; };
		18BB05711BC24DFE00D237CD /* manageTemplates.png in Resources */ = {isa = PBXBuildFile; fileRef = 18BB055A1BC24DFE00D237CD /* manageTemplates.png */; };
		18BB05721BC24DFE00D237CD /* notifications.png in Resources */ = {isa = PBXBuildFile; fileRef = 18BB055B1BC24DFE00D237CD /* notifications.png */; };
		18BB05731BC24DFE00D237CD /* patientProfile.png in Resources */ = {isa = PBXBuildFile; fileRef = 18BB055C1BC24DFE00D237CD /* patientProfile.png */; };
		18BB05741BC24DFE00D237CD /* refresh.png in Resources */ = {isa = PBXBuildFile; fileRef = 18BB055D1BC24DFE00D237CD /* refresh.png */; };
		18BB05751BC24DFE00D237CD /* searchDoctor.png in Resources */ = {isa = PBXBuildFile; fileRef = 18BB055E1BC24DFE00D237CD /* searchDoctor.png */; };
		18BB05761BC24DFE00D237CD /* searchHospital.png in Resources */ = {isa = PBXBuildFile; fileRef = 18BB055F1BC24DFE00D237CD /* searchHospital.png */; };
		18BB05771BC24DFE00D237CD /* setting.png in Resources */ = {isa = PBXBuildFile; fileRef = 18BB05601BC24DFE00D237CD /* setting.png */; };
		18BB05781BC24DFE00D237CD /* unchecked.png in Resources */ = {isa = PBXBuildFile; fileRef = 18BB05611BC24DFE00D237CD /* unchecked.png */; };
		18C14F391BC2564300AFF591 /* DetailManageTemplate.m in Sources */ = {isa = PBXBuildFile; fileRef = 18C14F381BC2564300AFF591 /* DetailManageTemplate.m */; };
		18C14F3C1BC2567900AFF591 /* DetailManageTemplateCell.m in Sources */ = {isa = PBXBuildFile; fileRef = 18C14F3B1BC2567900AFF591 /* DetailManageTemplateCell.m */; };
		18C14F3F1BC2808E00AFF591 /* DoctorRegistrer.m in Sources */ = {isa = PBXBuildFile; fileRef = 18C14F3E1BC2808E00AFF591 /* DoctorRegistrer.m */; };
		18C14F421BC2870F00AFF591 /* AssistantRegister.m in Sources */ = {isa = PBXBuildFile; fileRef = 18C14F411BC2870F00AFF591 /* AssistantRegister.m */; };
		18C7DAFA1BC78767005B93A9 /* DetailClinicView.m in Sources */ = {isa = PBXBuildFile; fileRef = 18C7DAF91BC78767005B93A9 /* DetailClinicView.m */; };
		18C7DB001BC792C1005B93A9 /* SearchTemplate.m in Sources */ = {isa = PBXBuildFile; fileRef = 18C7DAFF1BC792C1005B93A9 /* SearchTemplate.m */; };
		18C7DB021BC798E6005B93A9 /* Dental.json in Resources */ = {isa = PBXBuildFile; fileRef = 18C7DB011BC798E6005B93A9 /* Dental.json */; };
		18C7DB051BC799ED005B93A9 /* SearchTemplateCell.m in Sources */ = {isa = PBXBuildFile; fileRef = 18C7DB041BC799ED005B93A9 /* SearchTemplateCell.m */; };
		18C7DB081BC7A047005B93A9 /* ClinicInformationView.m in Sources */ = {isa = PBXBuildFile; fileRef = 18C7DB071BC7A047005B93A9 /* ClinicInformationView.m */; };
		18C7DB0B1BC7AA75005B93A9 /* SearchAssistantView.m in Sources */ = {isa = PBXBuildFile; fileRef = 18C7DB0A1BC7AA75005B93A9 /* SearchAssistantView.m */; };
		18C7DB0D1BC7AC92005B93A9 /* Assistant.json in Resources */ = {isa = PBXBuildFile; fileRef = 18C7DB0C1BC7AC92005B93A9 /* Assistant.json */; };
		18C7DB101BC7AD94005B93A9 /* SearchAssistantCell.m in Sources */ = {isa = PBXBuildFile; fileRef = 18C7DB0F1BC7AD94005B93A9 /* SearchAssistantCell.m */; };
		18C7DB181BC7BC94005B93A9 /* search.png in Resources */ = {isa = PBXBuildFile; fileRef = 18C7DB171BC7BC94005B93A9 /* search.png */; };
		18C7DB1A1BC7C71B005B93A9 /* Patient.json in Resources */ = {isa = PBXBuildFile; fileRef = 18C7DB191BC7C71B005B93A9 /* Patient.json */; };
		18C7DB1D1BC7D231005B93A9 /* PatientProfileViewController.m in Sources */ = {isa = PBXBuildFile; fileRef = 18C7DB1C1BC7D231005B93A9 /* PatientProfileViewController.m */; };
		18C7DB201BC7D277005B93A9 /* PatientProfileTableViewCell.m in Sources */ = {isa = PBXBuildFile; fileRef = 18C7DB1F1BC7D277005B93A9 /* PatientProfileTableViewCell.m */; };
/* End PBXBuildFile section */

/* Begin PBXContainerItemProxy section */
		182394F91BBD0DCE00D97366 /* PBXContainerItemProxy */ = {
			isa = PBXContainerItemProxy;
			containerPortal = 182394D71BBD0DCE00D97366 /* Project object */;
			proxyType = 1;
			remoteGlobalIDString = 182394DE1BBD0DCE00D97366;
			remoteInfo = Medico;
		};
/* End PBXContainerItemProxy section */

/* Begin PBXFileReference section */
		1822A71C1BBE4BD500019B58 /* LoginPage.h */ = {isa = PBXFileReference; fileEncoding = 4; lastKnownFileType = sourcecode.c.h; name = LoginPage.h; path = ../LoginPage.h; sourceTree = "<group>"; };
		1822A71D1BBE4BD500019B58 /* LoginPage.m */ = {isa = PBXFileReference; fileEncoding = 4; lastKnownFileType = sourcecode.c.objc; name = LoginPage.m; path = ../LoginPage.m; sourceTree = "<group>"; };
		1822C44F1BD4FCC400DD24C0 /* uparrowButton.png */ = {isa = PBXFileReference; lastKnownFileType = image.png; path = uparrowButton.png; sourceTree = "<group>"; };
		1822C4511BD5054000DD24C0 /* ProfileContainerViewController.h */ = {isa = PBXFileReference; fileEncoding = 4; lastKnownFileType = sourcecode.c.h; path = ProfileContainerViewController.h; sourceTree = "<group>"; };
		1822C4521BD5054000DD24C0 /* ProfileContainerViewController.m */ = {isa = PBXFileReference; fileEncoding = 4; lastKnownFileType = sourcecode.c.objc; path = ProfileContainerViewController.m; sourceTree = "<group>"; };
		1822C4541BD50CD500DD24C0 /* AppointmentContainerViewController.h */ = {isa = PBXFileReference; fileEncoding = 4; lastKnownFileType = sourcecode.c.h; path = AppointmentContainerViewController.h; sourceTree = "<group>"; };
		1822C4551BD50CD500DD24C0 /* AppointmentContainerViewController.m */ = {isa = PBXFileReference; fileEncoding = 4; lastKnownFileType = sourcecode.c.objc; path = AppointmentContainerViewController.m; sourceTree = "<group>"; };
		182394DF1BBD0DCE00D97366 /* Medico.app */ = {isa = PBXFileReference; explicitFileType = wrapper.application; includeInIndex = 0; path = Medico.app; sourceTree = BUILT_PRODUCTS_DIR; };
		182394E31BBD0DCE00D97366 /* Info.plist */ = {isa = PBXFileReference; lastKnownFileType = text.plist.xml; path = Info.plist; sourceTree = "<group>"; };
		182394E41BBD0DCE00D97366 /* main.m */ = {isa = PBXFileReference; lastKnownFileType = sourcecode.c.objc; path = main.m; sourceTree = "<group>"; };
		182394E61BBD0DCE00D97366 /* AppDelegate.h */ = {isa = PBXFileReference; lastKnownFileType = sourcecode.c.h; path = AppDelegate.h; sourceTree = "<group>"; };
		182394E71BBD0DCE00D97366 /* AppDelegate.m */ = {isa = PBXFileReference; lastKnownFileType = sourcecode.c.objc; path = AppDelegate.m; sourceTree = "<group>"; };
		182394E91BBD0DCE00D97366 /* ViewController.h */ = {isa = PBXFileReference; lastKnownFileType = sourcecode.c.h; path = ViewController.h; sourceTree = "<group>"; };
		182394EA1BBD0DCE00D97366 /* ViewController.m */ = {isa = PBXFileReference; lastKnownFileType = sourcecode.c.objc; path = ViewController.m; sourceTree = "<group>"; };
		182394ED1BBD0DCE00D97366 /* Base */ = {isa = PBXFileReference; lastKnownFileType = file.storyboard; name = Base; path = Base.lproj/Main.storyboard; sourceTree = "<group>"; };
		182394EF1BBD0DCE00D97366 /* Images.xcassets */ = {isa = PBXFileReference; lastKnownFileType = folder.assetcatalog; path = Images.xcassets; sourceTree = "<group>"; };
		182394F21BBD0DCE00D97366 /* Base */ = {isa = PBXFileReference; lastKnownFileType = file.xib; name = Base; path = Base.lproj/LaunchScreen.xib; sourceTree = "<group>"; };
		182394F81BBD0DCE00D97366 /* MedicoTests.xctest */ = {isa = PBXFileReference; explicitFileType = wrapper.cfbundle; includeInIndex = 0; path = MedicoTests.xctest; sourceTree = BUILT_PRODUCTS_DIR; };
		182394FD1BBD0DCE00D97366 /* Info.plist */ = {isa = PBXFileReference; lastKnownFileType = text.plist.xml; path = Info.plist; sourceTree = "<group>"; };
		182394FE1BBD0DCE00D97366 /* MedicoTests.m */ = {isa = PBXFileReference; lastKnownFileType = sourcecode.c.objc; path = MedicoTests.m; sourceTree = "<group>"; };
		18327F151BC4E57A002210BC /* ForgotPasswordView.h */ = {isa = PBXFileReference; fileEncoding = 4; lastKnownFileType = sourcecode.c.h; path = ForgotPasswordView.h; sourceTree = "<group>"; };
		18327F161BC4E57A002210BC /* ForgotPasswordView.m */ = {isa = PBXFileReference; fileEncoding = 4; lastKnownFileType = sourcecode.c.objc; path = ForgotPasswordView.m; sourceTree = "<group>"; };
		18327F181BC4E8FC002210BC /* SMSConfirmationView.h */ = {isa = PBXFileReference; fileEncoding = 4; lastKnownFileType = sourcecode.c.h; path = SMSConfirmationView.h; sourceTree = "<group>"; };
		18327F191BC4E8FC002210BC /* SMSConfirmationView.m */ = {isa = PBXFileReference; fileEncoding = 4; lastKnownFileType = sourcecode.c.objc; path = SMSConfirmationView.m; sourceTree = "<group>"; };
		18327F1B1BC4F1A0002210BC /* DoctorLandingPageView.h */ = {isa = PBXFileReference; fileEncoding = 4; lastKnownFileType = sourcecode.c.h; path = DoctorLandingPageView.h; sourceTree = "<group>"; };
		18327F1C1BC4F1A0002210BC /* DoctorLandingPageView.m */ = {isa = PBXFileReference; fileEncoding = 4; lastKnownFileType = sourcecode.c.objc; path = DoctorLandingPageView.m; sourceTree = "<group>"; };
		18327F1E1BC4F5D9002210BC /* DoctorSettingPageView.h */ = {isa = PBXFileReference; fileEncoding = 4; lastKnownFileType = sourcecode.c.h; path = DoctorSettingPageView.h; sourceTree = "<group>"; };
		18327F1F1BC4F5D9002210BC /* DoctorSettingPageView.m */ = {isa = PBXFileReference; fileEncoding = 4; lastKnownFileType = sourcecode.c.objc; path = DoctorSettingPageView.m; sourceTree = "<group>"; };
		18327F211BC4FD79002210BC /* MyDemo.json */ = {isa = PBXFileReference; fileEncoding = 4; lastKnownFileType = text.json; path = MyDemo.json; sourceTree = "<group>"; };
		18327F2B1BC521C8002210BC /* TemplateDetailViewController.h */ = {isa = PBXFileReference; fileEncoding = 4; lastKnownFileType = sourcecode.c.h; path = TemplateDetailViewController.h; sourceTree = "<group>"; };
		18327F2C1BC521C8002210BC /* TemplateDetailViewController.m */ = {isa = PBXFileReference; fileEncoding = 4; lastKnownFileType = sourcecode.c.objc; path = TemplateDetailViewController.m; sourceTree = "<group>"; };
		18327F311BC5234B002210BC /* TemplateDetailCell.h */ = {isa = PBXFileReference; fileEncoding = 4; lastKnownFileType = sourcecode.c.h; path = TemplateDetailCell.h; sourceTree = "<group>"; };
		18327F321BC5234B002210BC /* TemplateDetailCell.m */ = {isa = PBXFileReference; fileEncoding = 4; lastKnownFileType = sourcecode.c.objc; path = TemplateDetailCell.m; sourceTree = "<group>"; };
		18327F341BC533EE002210BC /* downArrow.png */ = {isa = PBXFileReference; lastKnownFileType = image.png; path = downArrow.png; sourceTree = "<group>"; };
		18327F3A1BC53615002210BC /* upArrow.png */ = {isa = PBXFileReference; lastKnownFileType = image.png; path = upArrow.png; sourceTree = "<group>"; };
		18327F3C1BC536DD002210BC /* EditTemplateView.h */ = {isa = PBXFileReference; fileEncoding = 4; lastKnownFileType = sourcecode.c.h; path = EditTemplateView.h; sourceTree = "<group>"; };
		18327F3D1BC536DD002210BC /* EditTemplateView.m */ = {isa = PBXFileReference; fileEncoding = 4; lastKnownFileType = sourcecode.c.objc; path = EditTemplateView.m; sourceTree = "<group>"; };
		1835118C1BCBE5120045BC1C /* ManageDoctorsClinicSettingsViewController.h */ = {isa = PBXFileReference; fileEncoding = 4; lastKnownFileType = sourcecode.c.h; path = ManageDoctorsClinicSettingsViewController.h; sourceTree = "<group>"; };
		1835118D1BCBE5120045BC1C /* ManageDoctorsClinicSettingsViewController.m */ = {isa = PBXFileReference; fileEncoding = 4; lastKnownFileType = sourcecode.c.objc; path = ManageDoctorsClinicSettingsViewController.m; sourceTree = "<group>"; };
		1835118F1BCBE56E0045BC1C /* ManageDoctorsClinicSettingsCell.h */ = {isa = PBXFileReference; fileEncoding = 4; lastKnownFileType = sourcecode.c.h; path = ManageDoctorsClinicSettingsCell.h; sourceTree = "<group>"; };
		183511901BCBE56E0045BC1C /* ManageDoctorsClinicSettingsCell.m */ = {isa = PBXFileReference; fileEncoding = 4; lastKnownFileType = sourcecode.c.objc; path = ManageDoctorsClinicSettingsCell.m; sourceTree = "<group>"; };
		183D1A431BD0F646003E0CFC /* arrowButton.png */ = {isa = PBXFileReference; lastKnownFileType = image.png; path = arrowButton.png; sourceTree = "<group>"; };
		183D1A451BD0FBBC003E0CFC /* PatientClinicAndLabsViewController.h */ = {isa = PBXFileReference; fileEncoding = 4; lastKnownFileType = sourcecode.c.h; path = PatientClinicAndLabsViewController.h; sourceTree = "<group>"; };
		183D1A461BD0FBBC003E0CFC /* PatientClinicAndLabsViewController.m */ = {isa = PBXFileReference; fileEncoding = 4; lastKnownFileType = sourcecode.c.objc; path = PatientClinicAndLabsViewController.m; sourceTree = "<group>"; };
		183D1A481BD0FC1D003E0CFC /* PatientClinicAndLabsCell.h */ = {isa = PBXFileReference; fileEncoding = 4; lastKnownFileType = sourcecode.c.h; path = PatientClinicAndLabsCell.h; sourceTree = "<group>"; };
		183D1A491BD0FC1D003E0CFC /* PatientClinicAndLabsCell.m */ = {isa = PBXFileReference; fileEncoding = 4; lastKnownFileType = sourcecode.c.objc; path = PatientClinicAndLabsCell.m; sourceTree = "<group>"; };
		183D1A4B1BD101D9003E0CFC /* PatientClinicProfileAndAppointmentsViewController.h */ = {isa = PBXFileReference; fileEncoding = 4; lastKnownFileType = sourcecode.c.h; path = PatientClinicProfileAndAppointmentsViewController.h; sourceTree = "<group>"; };
		183D1A4C1BD101D9003E0CFC /* PatientClinicProfileAndAppointmentsViewController.m */ = {isa = PBXFileReference; fileEncoding = 4; lastKnownFileType = sourcecode.c.objc; path = PatientClinicProfileAndAppointmentsViewController.m; sourceTree = "<group>"; };
		18427DBB1BC23DC1002A15FC /* ManageTemplateTableViewController.h */ = {isa = PBXFileReference; fileEncoding = 4; lastKnownFileType = sourcecode.c.h; path = ManageTemplateTableViewController.h; sourceTree = "<group>"; };
		18427DBC1BC23DC1002A15FC /* ManageTemplateTableViewController.m */ = {isa = PBXFileReference; fileEncoding = 4; lastKnownFileType = sourcecode.c.objc; path = ManageTemplateTableViewController.m; sourceTree = "<group>"; };
		18427DBE1BC23E12002A15FC /* ManageTemplateCell.h */ = {isa = PBXFileReference; fileEncoding = 4; lastKnownFileType = sourcecode.c.h; path = ManageTemplateCell.h; sourceTree = "<group>"; };
		18427DBF1BC23E12002A15FC /* ManageTemplateCell.m */ = {isa = PBXFileReference; fileEncoding = 4; lastKnownFileType = sourcecode.c.objc; path = ManageTemplateCell.m; sourceTree = "<group>"; };
		1842F3121BC38F970055597E /* ManageAssistant.h */ = {isa = PBXFileReference; fileEncoding = 4; lastKnownFileType = sourcecode.c.h; path = ManageAssistant.h; sourceTree = "<group>"; };
		1842F3131BC38F970055597E /* ManageAssistant.m */ = {isa = PBXFileReference; fileEncoding = 4; lastKnownFileType = sourcecode.c.objc; path = ManageAssistant.m; sourceTree = "<group>"; };
		1842F3151BC398BA0055597E /* delete.png */ = {isa = PBXFileReference; lastKnownFileType = image.png; path = delete.png; sourceTree = "<group>"; };
		1842F31A1BC399A80055597E /* ManageAssistantCell.h */ = {isa = PBXFileReference; fileEncoding = 4; lastKnownFileType = sourcecode.c.h; path = ManageAssistantCell.h; sourceTree = "<group>"; };
		1842F31B1BC399A80055597E /* ManageAssistantCell.m */ = {isa = PBXFileReference; fileEncoding = 4; lastKnownFileType = sourcecode.c.objc; path = ManageAssistantCell.m; sourceTree = "<group>"; };
		1842F31D1BC3A1B50055597E /* AddAssistantView.h */ = {isa = PBXFileReference; fileEncoding = 4; lastKnownFileType = sourcecode.c.h; path = AddAssistantView.h; sourceTree = "<group>"; };
		1842F31E1BC3A1B50055597E /* AddAssistantView.m */ = {isa = PBXFileReference; fileEncoding = 4; lastKnownFileType = sourcecode.c.objc; path = AddAssistantView.m; sourceTree = "<group>"; };
		1842F3201BC3A4AF0055597E /* create.png */ = {isa = PBXFileReference; lastKnownFileType = image.png; path = create.png; sourceTree = "<group>"; };
		1842F3631BC3E0300055597E /* TemplateDetailView.h */ = {isa = PBXFileReference; fileEncoding = 4; lastKnownFileType = sourcecode.c.h; path = TemplateDetailView.h; sourceTree = "<group>"; };
		1842F3641BC3E0300055597E /* TemplateDetailView.m */ = {isa = PBXFileReference; fileEncoding = 4; lastKnownFileType = sourcecode.c.objc; path = TemplateDetailView.m; sourceTree = "<group>"; };
		1842F3661BC3E0530055597E /* TemplateDetailViewCell.h */ = {isa = PBXFileReference; fileEncoding = 4; lastKnownFileType = sourcecode.c.h; path = TemplateDetailViewCell.h; sourceTree = "<group>"; };
		1842F3671BC3E0530055597E /* TemplateDetailViewCell.m */ = {isa = PBXFileReference; fileEncoding = 4; lastKnownFileType = sourcecode.c.objc; path = TemplateDetailViewCell.m; sourceTree = "<group>"; };
		1842F3691BC3E7600055597E /* EditTemplateDetailView.h */ = {isa = PBXFileReference; fileEncoding = 4; lastKnownFileType = sourcecode.c.h; path = EditTemplateDetailView.h; sourceTree = "<group>"; };
		1842F36A1BC3E7600055597E /* EditTemplateDetailView.m */ = {isa = PBXFileReference; fileEncoding = 4; lastKnownFileType = sourcecode.c.objc; path = EditTemplateDetailView.m; sourceTree = "<group>"; };
		1842F36C1BC3E7850055597E /* EditTemplateDetailViewCell.h */ = {isa = PBXFileReference; fileEncoding = 4; lastKnownFileType = sourcecode.c.h; path = EditTemplateDetailViewCell.h; sourceTree = "<group>"; };
		1842F36D1BC3E7850055597E /* EditTemplateDetailViewCell.m */ = {isa = PBXFileReference; fileEncoding = 4; lastKnownFileType = sourcecode.c.objc; path = EditTemplateDetailViewCell.m; sourceTree = "<group>"; };
		1842F36F1BC3F1600055597E /* AddNewTemplateView.h */ = {isa = PBXFileReference; fileEncoding = 4; lastKnownFileType = sourcecode.c.h; path = AddNewTemplateView.h; sourceTree = "<group>"; };
		1842F3701BC3F1600055597E /* AddNewTemplateView.m */ = {isa = PBXFileReference; fileEncoding = 4; lastKnownFileType = sourcecode.c.objc; path = AddNewTemplateView.m; sourceTree = "<group>"; };
		184F01D61BCE593800913B23 /* SearchResultAssistantViewController.h */ = {isa = PBXFileReference; fileEncoding = 4; lastKnownFileType = sourcecode.c.h; path = SearchResultAssistantViewController.h; sourceTree = "<group>"; };
		184F01D71BCE593800913B23 /* SearchResultAssistantViewController.m */ = {isa = PBXFileReference; fileEncoding = 4; lastKnownFileType = sourcecode.c.objc; path = SearchResultAssistantViewController.m; sourceTree = "<group>"; };
		184F01DF1BCE7A1800913B23 /* DoctorLandingCell.h */ = {isa = PBXFileReference; fileEncoding = 4; lastKnownFileType = sourcecode.c.h; path = DoctorLandingCell.h; sourceTree = "<group>"; };
		184F01E01BCE7A1800913B23 /* DoctorLandingCell.m */ = {isa = PBXFileReference; fileEncoding = 4; lastKnownFileType = sourcecode.c.objc; path = DoctorLandingCell.m; sourceTree = "<group>"; };
		186BD61B1BCF78F300B43A8C /* CreateDoctorsClinicSettingsViewController.h */ = {isa = PBXFileReference; fileEncoding = 4; lastKnownFileType = sourcecode.c.h; path = CreateDoctorsClinicSettingsViewController.h; sourceTree = "<group>"; };
		186BD61C1BCF78F300B43A8C /* CreateDoctorsClinicSettingsViewController.m */ = {isa = PBXFileReference; fileEncoding = 4; lastKnownFileType = sourcecode.c.objc; path = CreateDoctorsClinicSettingsViewController.m; sourceTree = "<group>"; };
		186BD61E1BCF7F8400B43A8C /* PatientChangePasswordViewController.h */ = {isa = PBXFileReference; fileEncoding = 4; lastKnownFileType = sourcecode.c.h; path = PatientChangePasswordViewController.h; sourceTree = "<group>"; };
		186BD61F1BCF7F8400B43A8C /* PatientChangePasswordViewController.m */ = {isa = PBXFileReference; fileEncoding = 4; lastKnownFileType = sourcecode.c.objc; path = PatientChangePasswordViewController.m; sourceTree = "<group>"; };
		186BD6211BCF8B3000B43A8C /* ForgotPasswordVerificationViewController.h */ = {isa = PBXFileReference; fileEncoding = 4; lastKnownFileType = sourcecode.c.h; path = ForgotPasswordVerificationViewController.h; sourceTree = "<group>"; };
		186BD6221BCF8B3000B43A8C /* ForgotPasswordVerificationViewController.m */ = {isa = PBXFileReference; fileEncoding = 4; lastKnownFileType = sourcecode.c.objc; path = ForgotPasswordVerificationViewController.m; sourceTree = "<group>"; };
		186BD6241BCFA87B00B43A8C /* HomeCountPatients.json */ = {isa = PBXFileReference; fileEncoding = 4; lastKnownFileType = text.json; path = HomeCountPatients.json; sourceTree = "<group>"; };
		186BD6261BCFB0FF00B43A8C /* PatientLandingPageViewController.h */ = {isa = PBXFileReference; fileEncoding = 4; lastKnownFileType = sourcecode.c.h; path = PatientLandingPageViewController.h; sourceTree = "<group>"; };
		186BD6271BCFB0FF00B43A8C /* PatientLandingPageViewController.m */ = {isa = PBXFileReference; fileEncoding = 4; lastKnownFileType = sourcecode.c.objc; path = PatientLandingPageViewController.m; sourceTree = "<group>"; };
		186BD6291BCFB5E100B43A8C /* PatientLandingCell.h */ = {isa = PBXFileReference; fileEncoding = 4; lastKnownFileType = sourcecode.c.h; path = PatientLandingCell.h; sourceTree = "<group>"; };
		186BD62A1BCFB5E100B43A8C /* PatientLandingCell.m */ = {isa = PBXFileReference; fileEncoding = 4; lastKnownFileType = sourcecode.c.objc; path = PatientLandingCell.m; sourceTree = "<group>"; };
		187A0C781BC67BA0003AC5D9 /* SearchClinicView.h */ = {isa = PBXFileReference; fileEncoding = 4; lastKnownFileType = sourcecode.c.h; path = SearchClinicView.h; sourceTree = "<group>"; };
		187A0C791BC67BA0003AC5D9 /* SearchClinicView.m */ = {isa = PBXFileReference; fileEncoding = 4; lastKnownFileType = sourcecode.c.objc; path = SearchClinicView.m; sourceTree = "<group>"; };
		187A0C7B1BC67C78003AC5D9 /* searchButton.png */ = {isa = PBXFileReference; lastKnownFileType = image.png; path = searchButton.png; sourceTree = "<group>"; };
		187A0C7D1BC67F1F003AC5D9 /* checkRadio.png */ = {isa = PBXFileReference; lastKnownFileType = image.png; path = checkRadio.png; sourceTree = "<group>"; };
		187A0C7E1BC67F1F003AC5D9 /* unchechRadio.png */ = {isa = PBXFileReference; lastKnownFileType = image.png; path = unchechRadio.png; sourceTree = "<group>"; };
		187A0C811BC68ABD003AC5D9 /* ClinicList.json */ = {isa = PBXFileReference; fileEncoding = 4; lastKnownFileType = text.json; path = ClinicList.json; sourceTree = "<group>"; };
		187A0C831BC68B5D003AC5D9 /* SearchClinicCell.h */ = {isa = PBXFileReference; fileEncoding = 4; lastKnownFileType = sourcecode.c.h; path = SearchClinicCell.h; sourceTree = "<group>"; };
		187A0C841BC68B5D003AC5D9 /* SearchClinicCell.m */ = {isa = PBXFileReference; fileEncoding = 4; lastKnownFileType = sourcecode.c.objc; path = SearchClinicCell.m; sourceTree = "<group>"; };
		1895A1DA1BC8CBF100C8647D /* DetailPatientProfileViewController.h */ = {isa = PBXFileReference; fileEncoding = 4; lastKnownFileType = sourcecode.c.h; path = DetailPatientProfileViewController.h; sourceTree = "<group>"; };
		1895A1DB1BC8CBF100C8647D /* DetailPatientProfileViewController.m */ = {isa = PBXFileReference; fileEncoding = 4; lastKnownFileType = sourcecode.c.objc; path = DetailPatientProfileViewController.m; sourceTree = "<group>"; };
		1897CD971BCCC5570043F0FD /* PatientSettingPageViewController.h */ = {isa = PBXFileReference; fileEncoding = 4; lastKnownFileType = sourcecode.c.h; path = PatientSettingPageViewController.h; sourceTree = "<group>"; };
		1897CD981BCCC5570043F0FD /* PatientSettingPageViewController.m */ = {isa = PBXFileReference; fileEncoding = 4; lastKnownFileType = sourcecode.c.objc; path = PatientSettingPageViewController.m; sourceTree = "<group>"; };
		1897CD9A1BCCC9F80043F0FD /* PatientTerms&ConditionsViewController.h */ = {isa = PBXFileReference; fileEncoding = 4; lastKnownFileType = sourcecode.c.h; path = "PatientTerms&ConditionsViewController.h"; sourceTree = "<group>"; };
		1897CD9B1BCCC9F80043F0FD /* PatientTerms&ConditionsViewController.m */ = {isa = PBXFileReference; fileEncoding = 4; lastKnownFileType = sourcecode.c.objc; path = "PatientTerms&ConditionsViewController.m"; sourceTree = "<group>"; };
		1897CD9D1BCCCD0F0043F0FD /* HowItWorksViewController.h */ = {isa = PBXFileReference; fileEncoding = 4; lastKnownFileType = sourcecode.c.h; path = HowItWorksViewController.h; sourceTree = "<group>"; };
		1897CD9E1BCCCD0F0043F0FD /* HowItWorksViewController.m */ = {isa = PBXFileReference; fileEncoding = 4; lastKnownFileType = sourcecode.c.objc; path = HowItWorksViewController.m; sourceTree = "<group>"; };
		1897CDA01BCD2F320043F0FD /* DoctorChangePasswordViewController.h */ = {isa = PBXFileReference; fileEncoding = 4; lastKnownFileType = sourcecode.c.h; path = DoctorChangePasswordViewController.h; sourceTree = "<group>"; };
		1897CDA11BCD2F320043F0FD /* DoctorChangePasswordViewController.m */ = {isa = PBXFileReference; fileEncoding = 4; lastKnownFileType = sourcecode.c.objc; path = DoctorChangePasswordViewController.m; sourceTree = "<group>"; };
		1897CDA31BCD33DA0043F0FD /* ChangePasswordViewController.h */ = {isa = PBXFileReference; fileEncoding = 4; lastKnownFileType = sourcecode.c.h; path = ChangePasswordViewController.h; sourceTree = "<group>"; };
		1897CDA41BCD33DA0043F0FD /* ChangePasswordViewController.m */ = {isa = PBXFileReference; fileEncoding = 4; lastKnownFileType = sourcecode.c.objc; path = ChangePasswordViewController.m; sourceTree = "<group>"; };
		18AD4AEC1BBD51BE009308AC /* PatientRegisterViewController.h */ = {isa = PBXFileReference; fileEncoding = 4; lastKnownFileType = sourcecode.c.h; name = PatientRegisterViewController.h; path = ../PatientRegisterViewController.h; sourceTree = "<group>"; };
		18AD4AED1BBD51BE009308AC /* PatientRegisterViewController.m */ = {isa = PBXFileReference; fileEncoding = 4; lastKnownFileType = sourcecode.c.objc; name = PatientRegisterViewController.m; path = ../PatientRegisterViewController.m; sourceTree = "<group>"; };
		18BB05491BC24DC100D237CD /* manageAssistents.png */ = {isa = PBXFileReference; lastKnownFileType = image.png; path = manageAssistents.png; sourceTree = "<group>"; };
		18BB054B1BC24DFE00D237CD /* appointment.png */ = {isa = PBXFileReference; lastKnownFileType = image.png; path = appointment.png; sourceTree = "<group>"; };
		18BB054C1BC24DFE00D237CD /* assistance.png */ = {isa = PBXFileReference; lastKnownFileType = image.png; path = assistance.png; sourceTree = "<group>"; };
		18BB054D1BC24DFE00D237CD /* calendar.png */ = {isa = PBXFileReference; lastKnownFileType = image.png; path = calendar.png; sourceTree = "<group>"; };
		18BB054E1BC24DFE00D237CD /* check.png */ = {isa = PBXFileReference; lastKnownFileType = image.png; path = check.png; sourceTree = "<group>"; };
		18BB054F1BC24DFE00D237CD /* checked.png */ = {isa = PBXFileReference; lastKnownFileType = image.png; path = checked.png; sourceTree = "<group>"; };
		18BB05501BC24DFE00D237CD /* default.png */ = {isa = PBXFileReference; lastKnownFileType = image.png; path = default.png; sourceTree = "<group>"; };
		18BB05511BC24DFE00D237CD /* doctordefault.png */ = {isa = PBXFileReference; lastKnownFileType = image.png; path = doctordefault.png; sourceTree = "<group>"; };
		18BB05521BC24DFE00D237CD /* doctorLanding.png */ = {isa = PBXFileReference; lastKnownFileType = image.png; path = doctorLanding.png; sourceTree = "<group>"; };
		18BB05531BC24DFE00D237CD /* home.png */ = {isa = PBXFileReference; lastKnownFileType = image.png; path = home.png; sourceTree = "<group>"; };
		18BB05541BC24DFE00D237CD /* location.png */ = {isa = PBXFileReference; lastKnownFileType = image.png; path = location.png; sourceTree = "<group>"; };
		18BB05551BC24DFE00D237CD /* logo.png */ = {isa = PBXFileReference; lastKnownFileType = image.png; path = logo.png; sourceTree = "<group>"; };
		18BB05561BC24DFE00D237CD /* logout.png */ = {isa = PBXFileReference; lastKnownFileType = image.png; path = logout.png; sourceTree = "<group>"; };
		18BB05571BC24DFE00D237CD /* manageAppointments.png */ = {isa = PBXFileReference; lastKnownFileType = image.png; path = manageAppointments.png; sourceTree = "<group>"; };
		18BB05581BC24DFE00D237CD /* manageClinics.png */ = {isa = PBXFileReference; lastKnownFileType = image.png; path = manageClinics.png; sourceTree = "<group>"; };
		18BB05591BC24DFE00D237CD /* manageFinance.png */ = {isa = PBXFileReference; lastKnownFileType = image.png; path = manageFinance.png; sourceTree = "<group>"; };
		18BB055A1BC24DFE00D237CD /* manageTemplates.png */ = {isa = PBXFileReference; lastKnownFileType = image.png; path = manageTemplates.png; sourceTree = "<group>"; };
		18BB055B1BC24DFE00D237CD /* notifications.png */ = {isa = PBXFileReference; lastKnownFileType = image.png; path = notifications.png; sourceTree = "<group>"; };
		18BB055C1BC24DFE00D237CD /* patientProfile.png */ = {isa = PBXFileReference; lastKnownFileType = image.png; path = patientProfile.png; sourceTree = "<group>"; };
		18BB055D1BC24DFE00D237CD /* refresh.png */ = {isa = PBXFileReference; lastKnownFileType = image.png; path = refresh.png; sourceTree = "<group>"; };
		18BB055E1BC24DFE00D237CD /* searchDoctor.png */ = {isa = PBXFileReference; lastKnownFileType = image.png; path = searchDoctor.png; sourceTree = "<group>"; };
		18BB055F1BC24DFE00D237CD /* searchHospital.png */ = {isa = PBXFileReference; lastKnownFileType = image.png; path = searchHospital.png; sourceTree = "<group>"; };
		18BB05601BC24DFE00D237CD /* setting.png */ = {isa = PBXFileReference; lastKnownFileType = image.png; path = setting.png; sourceTree = "<group>"; };
		18BB05611BC24DFE00D237CD /* unchecked.png */ = {isa = PBXFileReference; lastKnownFileType = image.png; path = unchecked.png; sourceTree = "<group>"; };
		18C14F371BC2564300AFF591 /* DetailManageTemplate.h */ = {isa = PBXFileReference; fileEncoding = 4; lastKnownFileType = sourcecode.c.h; path = DetailManageTemplate.h; sourceTree = "<group>"; };
		18C14F381BC2564300AFF591 /* DetailManageTemplate.m */ = {isa = PBXFileReference; fileEncoding = 4; lastKnownFileType = sourcecode.c.objc; path = DetailManageTemplate.m; sourceTree = "<group>"; };
		18C14F3A1BC2567900AFF591 /* DetailManageTemplateCell.h */ = {isa = PBXFileReference; fileEncoding = 4; lastKnownFileType = sourcecode.c.h; path = DetailManageTemplateCell.h; sourceTree = "<group>"; };
		18C14F3B1BC2567900AFF591 /* DetailManageTemplateCell.m */ = {isa = PBXFileReference; fileEncoding = 4; lastKnownFileType = sourcecode.c.objc; path = DetailManageTemplateCell.m; sourceTree = "<group>"; };
		18C14F3D1BC2808E00AFF591 /* DoctorRegistrer.h */ = {isa = PBXFileReference; fileEncoding = 4; lastKnownFileType = sourcecode.c.h; path = DoctorRegistrer.h; sourceTree = "<group>"; };
		18C14F3E1BC2808E00AFF591 /* DoctorRegistrer.m */ = {isa = PBXFileReference; fileEncoding = 4; lastKnownFileType = sourcecode.c.objc; path = DoctorRegistrer.m; sourceTree = "<group>"; };
		18C14F401BC2870F00AFF591 /* AssistantRegister.h */ = {isa = PBXFileReference; fileEncoding = 4; lastKnownFileType = sourcecode.c.h; path = AssistantRegister.h; sourceTree = "<group>"; };
		18C14F411BC2870F00AFF591 /* AssistantRegister.m */ = {isa = PBXFileReference; fileEncoding = 4; lastKnownFileType = sourcecode.c.objc; path = AssistantRegister.m; sourceTree = "<group>"; };
		18C7DAF81BC78767005B93A9 /* DetailClinicView.h */ = {isa = PBXFileReference; fileEncoding = 4; lastKnownFileType = sourcecode.c.h; path = DetailClinicView.h; sourceTree = "<group>"; };
		18C7DAF91BC78767005B93A9 /* DetailClinicView.m */ = {isa = PBXFileReference; fileEncoding = 4; lastKnownFileType = sourcecode.c.objc; path = DetailClinicView.m; sourceTree = "<group>"; };
		18C7DAFE1BC792C1005B93A9 /* SearchTemplate.h */ = {isa = PBXFileReference; fileEncoding = 4; lastKnownFileType = sourcecode.c.h; path = SearchTemplate.h; sourceTree = "<group>"; };
		18C7DAFF1BC792C1005B93A9 /* SearchTemplate.m */ = {isa = PBXFileReference; fileEncoding = 4; lastKnownFileType = sourcecode.c.objc; path = SearchTemplate.m; sourceTree = "<group>"; };
		18C7DB011BC798E6005B93A9 /* Dental.json */ = {isa = PBXFileReference; fileEncoding = 4; lastKnownFileType = text.json; path = Dental.json; sourceTree = "<group>"; };
		18C7DB031BC799ED005B93A9 /* SearchTemplateCell.h */ = {isa = PBXFileReference; fileEncoding = 4; lastKnownFileType = sourcecode.c.h; path = SearchTemplateCell.h; sourceTree = "<group>"; };
		18C7DB041BC799ED005B93A9 /* SearchTemplateCell.m */ = {isa = PBXFileReference; fileEncoding = 4; lastKnownFileType = sourcecode.c.objc; path = SearchTemplateCell.m; sourceTree = "<group>"; };
		18C7DB061BC7A047005B93A9 /* ClinicInformationView.h */ = {isa = PBXFileReference; fileEncoding = 4; lastKnownFileType = sourcecode.c.h; path = ClinicInformationView.h; sourceTree = "<group>"; };
		18C7DB071BC7A047005B93A9 /* ClinicInformationView.m */ = {isa = PBXFileReference; fileEncoding = 4; lastKnownFileType = sourcecode.c.objc; path = ClinicInformationView.m; sourceTree = "<group>"; };
		18C7DB091BC7AA75005B93A9 /* SearchAssistantView.h */ = {isa = PBXFileReference; fileEncoding = 4; lastKnownFileType = sourcecode.c.h; path = SearchAssistantView.h; sourceTree = "<group>"; };
		18C7DB0A1BC7AA75005B93A9 /* SearchAssistantView.m */ = {isa = PBXFileReference; fileEncoding = 4; lastKnownFileType = sourcecode.c.objc; path = SearchAssistantView.m; sourceTree = "<group>"; };
		18C7DB0C1BC7AC92005B93A9 /* Assistant.json */ = {isa = PBXFileReference; fileEncoding = 4; lastKnownFileType = text.json; path = Assistant.json; sourceTree = "<group>"; };
		18C7DB0E1BC7AD94005B93A9 /* SearchAssistantCell.h */ = {isa = PBXFileReference; fileEncoding = 4; lastKnownFileType = sourcecode.c.h; path = SearchAssistantCell.h; sourceTree = "<group>"; };
		18C7DB0F1BC7AD94005B93A9 /* SearchAssistantCell.m */ = {isa = PBXFileReference; fileEncoding = 4; lastKnownFileType = sourcecode.c.objc; path = SearchAssistantCell.m; sourceTree = "<group>"; };
		18C7DB171BC7BC94005B93A9 /* search.png */ = {isa = PBXFileReference; lastKnownFileType = image.png; path = search.png; sourceTree = "<group>"; };
		18C7DB191BC7C71B005B93A9 /* Patient.json */ = {isa = PBXFileReference; fileEncoding = 4; lastKnownFileType = text.json; path = Patient.json; sourceTree = "<group>"; };
		18C7DB1B1BC7D231005B93A9 /* PatientProfileViewController.h */ = {isa = PBXFileReference; fileEncoding = 4; lastKnownFileType = sourcecode.c.h; path = PatientProfileViewController.h; sourceTree = "<group>"; };
		18C7DB1C1BC7D231005B93A9 /* PatientProfileViewController.m */ = {isa = PBXFileReference; fileEncoding = 4; lastKnownFileType = sourcecode.c.objc; path = PatientProfileViewController.m; sourceTree = "<group>"; };
		18C7DB1E1BC7D277005B93A9 /* PatientProfileTableViewCell.h */ = {isa = PBXFileReference; fileEncoding = 4; lastKnownFileType = sourcecode.c.h; path = PatientProfileTableViewCell.h; sourceTree = "<group>"; };
		18C7DB1F1BC7D277005B93A9 /* PatientProfileTableViewCell.m */ = {isa = PBXFileReference; fileEncoding = 4; lastKnownFileType = sourcecode.c.objc; path = PatientProfileTableViewCell.m; sourceTree = "<group>"; };
/* End PBXFileReference section */

/* Begin PBXFrameworksBuildPhase section */
		182394DC1BBD0DCE00D97366 /* Frameworks */ = {
			isa = PBXFrameworksBuildPhase;
			buildActionMask = 2147483647;
			files = (
			);
			runOnlyForDeploymentPostprocessing = 0;
		};
		182394F51BBD0DCE00D97366 /* Frameworks */ = {
			isa = PBXFrameworksBuildPhase;
			buildActionMask = 2147483647;
			files = (
			);
			runOnlyForDeploymentPostprocessing = 0;
		};
/* End PBXFrameworksBuildPhase section */

/* Begin PBXGroup section */
		182394D61BBD0DCE00D97366 = {
			isa = PBXGroup;
			children = (
				182394E11BBD0DCE00D97366 /* Medico */,
				182394FB1BBD0DCE00D97366 /* MedicoTests */,
				182394E01BBD0DCE00D97366 /* Products */,
			);
			sourceTree = "<group>";
		};
		182394E01BBD0DCE00D97366 /* Products */ = {
			isa = PBXGroup;
			children = (
				182394DF1BBD0DCE00D97366 /* Medico.app */,
				182394F81BBD0DCE00D97366 /* MedicoTests.xctest */,
			);
			name = Products;
			sourceTree = "<group>";
		};
		182394E11BBD0DCE00D97366 /* Medico */ = {
			isa = PBXGroup;
			children = (
				186BD6241BCFA87B00B43A8C /* HomeCountPatients.json */,
				18C7DB191BC7C71B005B93A9 /* Patient.json */,
				18C7DB0C1BC7AC92005B93A9 /* Assistant.json */,
				18C7DB011BC798E6005B93A9 /* Dental.json */,
				187A0C811BC68ABD003AC5D9 /* ClinicList.json */,
				18327F211BC4FD79002210BC /* MyDemo.json */,
				182394EC1BBD0DCE00D97366 /* Main.storyboard */,
				1822C4541BD50CD500DD24C0 /* AppointmentContainerViewController.h */,
				1822C4551BD50CD500DD24C0 /* AppointmentContainerViewController.m */,
				1822C4511BD5054000DD24C0 /* ProfileContainerViewController.h */,
				1822C4521BD5054000DD24C0 /* ProfileContainerViewController.m */,
				183D1A4B1BD101D9003E0CFC /* PatientClinicProfileAndAppointmentsViewController.h */,
				183D1A4C1BD101D9003E0CFC /* PatientClinicProfileAndAppointmentsViewController.m */,
				1895A1DA1BC8CBF100C8647D /* DetailPatientProfileViewController.h */,
				1895A1DB1BC8CBF100C8647D /* DetailPatientProfileViewController.m */,
				183D1A451BD0FBBC003E0CFC /* PatientClinicAndLabsViewController.h */,
				183D1A461BD0FBBC003E0CFC /* PatientClinicAndLabsViewController.m */,
				183D1A481BD0FC1D003E0CFC /* PatientClinicAndLabsCell.h */,
				183D1A491BD0FC1D003E0CFC /* PatientClinicAndLabsCell.m */,
				186BD6261BCFB0FF00B43A8C /* PatientLandingPageViewController.h */,
				186BD6271BCFB0FF00B43A8C /* PatientLandingPageViewController.m */,
				186BD6291BCFB5E100B43A8C /* PatientLandingCell.h */,
				186BD62A1BCFB5E100B43A8C /* PatientLandingCell.m */,
				18C7DB1B1BC7D231005B93A9 /* PatientProfileViewController.h */,
				18C7DB1C1BC7D231005B93A9 /* PatientProfileViewController.m */,
				18C7DB1E1BC7D277005B93A9 /* PatientProfileTableViewCell.h */,
				18C7DB1F1BC7D277005B93A9 /* PatientProfileTableViewCell.m */,
				186BD6211BCF8B3000B43A8C /* ForgotPasswordVerificationViewController.h */,
				186BD6221BCF8B3000B43A8C /* ForgotPasswordVerificationViewController.m */,
				186BD61E1BCF7F8400B43A8C /* PatientChangePasswordViewController.h */,
				186BD61F1BCF7F8400B43A8C /* PatientChangePasswordViewController.m */,
				184F01D61BCE593800913B23 /* SearchResultAssistantViewController.h */,
				184F01D71BCE593800913B23 /* SearchResultAssistantViewController.m */,
				186BD61B1BCF78F300B43A8C /* CreateDoctorsClinicSettingsViewController.h */,
				186BD61C1BCF78F300B43A8C /* CreateDoctorsClinicSettingsViewController.m */,
				18327F1B1BC4F1A0002210BC /* DoctorLandingPageView.h */,
				18327F1C1BC4F1A0002210BC /* DoctorLandingPageView.m */,
				184F01DF1BCE7A1800913B23 /* DoctorLandingCell.h */,
				184F01E01BCE7A1800913B23 /* DoctorLandingCell.m */,
				1897CDA31BCD33DA0043F0FD /* ChangePasswordViewController.h */,
				1897CDA41BCD33DA0043F0FD /* ChangePasswordViewController.m */,
				1897CDA01BCD2F320043F0FD /* DoctorChangePasswordViewController.h */,
				1897CDA11BCD2F320043F0FD /* DoctorChangePasswordViewController.m */,
				1897CD9D1BCCCD0F0043F0FD /* HowItWorksViewController.h */,
				1897CD9E1BCCCD0F0043F0FD /* HowItWorksViewController.m */,
				1897CD971BCCC5570043F0FD /* PatientSettingPageViewController.h */,
				1897CD981BCCC5570043F0FD /* PatientSettingPageViewController.m */,
				1897CD9A1BCCC9F80043F0FD /* PatientTerms&ConditionsViewController.h */,
				1897CD9B1BCCC9F80043F0FD /* PatientTerms&ConditionsViewController.m */,
				18327F1E1BC4F5D9002210BC /* DoctorSettingPageView.h */,
				18327F1F1BC4F5D9002210BC /* DoctorSettingPageView.m */,
				1835118C1BCBE5120045BC1C /* ManageDoctorsClinicSettingsViewController.h */,
				1835118D1BCBE5120045BC1C /* ManageDoctorsClinicSettingsViewController.m */,
				1835118F1BCBE56E0045BC1C /* ManageDoctorsClinicSettingsCell.h */,
				183511901BCBE56E0045BC1C /* ManageDoctorsClinicSettingsCell.m */,
				18C7DAF81BC78767005B93A9 /* DetailClinicView.h */,
				18C7DAF91BC78767005B93A9 /* DetailClinicView.m */,
				18C7DB061BC7A047005B93A9 /* ClinicInformationView.h */,
				18C7DB071BC7A047005B93A9 /* ClinicInformationView.m */,
				187A0C781BC67BA0003AC5D9 /* SearchClinicView.h */,
				187A0C791BC67BA0003AC5D9 /* SearchClinicView.m */,
				187A0C831BC68B5D003AC5D9 /* SearchClinicCell.h */,
				187A0C841BC68B5D003AC5D9 /* SearchClinicCell.m */,
				18C7DB091BC7AA75005B93A9 /* SearchAssistantView.h */,
				18C7DB0A1BC7AA75005B93A9 /* SearchAssistantView.m */,
				18C7DB0E1BC7AD94005B93A9 /* SearchAssistantCell.h */,
				18C7DB0F1BC7AD94005B93A9 /* SearchAssistantCell.m */,
				18C7DAFE1BC792C1005B93A9 /* SearchTemplate.h */,
				18C7DAFF1BC792C1005B93A9 /* SearchTemplate.m */,
				18C7DB031BC799ED005B93A9 /* SearchTemplateCell.h */,
				18C7DB041BC799ED005B93A9 /* SearchTemplateCell.m */,
				18327F2B1BC521C8002210BC /* TemplateDetailViewController.h */,
				18327F2C1BC521C8002210BC /* TemplateDetailViewController.m */,
				18327F311BC5234B002210BC /* TemplateDetailCell.h */,
				18327F321BC5234B002210BC /* TemplateDetailCell.m */,
				182394E61BBD0DCE00D97366 /* AppDelegate.h */,
				182394E71BBD0DCE00D97366 /* AppDelegate.m */,
				182394E91BBD0DCE00D97366 /* ViewController.h */,
				182394EA1BBD0DCE00D97366 /* ViewController.m */,
				1822A71C1BBE4BD500019B58 /* LoginPage.h */,
				1822A71D1BBE4BD500019B58 /* LoginPage.m */,
				18327F151BC4E57A002210BC /* ForgotPasswordView.h */,
				18327F161BC4E57A002210BC /* ForgotPasswordView.m */,
				18327F181BC4E8FC002210BC /* SMSConfirmationView.h */,
				18327F191BC4E8FC002210BC /* SMSConfirmationView.m */,
				18AD4AEC1BBD51BE009308AC /* PatientRegisterViewController.h */,
				18AD4AED1BBD51BE009308AC /* PatientRegisterViewController.m */,
				18C14F3D1BC2808E00AFF591 /* DoctorRegistrer.h */,
				18C14F3E1BC2808E00AFF591 /* DoctorRegistrer.m */,
				1842F31D1BC3A1B50055597E /* AddAssistantView.h */,
				1842F31E1BC3A1B50055597E /* AddAssistantView.m */,
				18C14F401BC2870F00AFF591 /* AssistantRegister.h */,
				18C14F411BC2870F00AFF591 /* AssistantRegister.m */,
				1842F3121BC38F970055597E /* ManageAssistant.h */,
				1842F3131BC38F970055597E /* ManageAssistant.m */,
				1842F31A1BC399A80055597E /* ManageAssistantCell.h */,
				1842F31B1BC399A80055597E /* ManageAssistantCell.m */,
				18427DBB1BC23DC1002A15FC /* ManageTemplateTableViewController.h */,
				18427DBC1BC23DC1002A15FC /* ManageTemplateTableViewController.m */,
				18427DBE1BC23E12002A15FC /* ManageTemplateCell.h */,
				18427DBF1BC23E12002A15FC /* ManageTemplateCell.m */,
				18C14F371BC2564300AFF591 /* DetailManageTemplate.h */,
				18C14F381BC2564300AFF591 /* DetailManageTemplate.m */,
				18C14F3A1BC2567900AFF591 /* DetailManageTemplateCell.h */,
				18C14F3B1BC2567900AFF591 /* DetailManageTemplateCell.m */,
				1842F3631BC3E0300055597E /* TemplateDetailView.h */,
				1842F3641BC3E0300055597E /* TemplateDetailView.m */,
				1842F3661BC3E0530055597E /* TemplateDetailViewCell.h */,
				1842F3671BC3E0530055597E /* TemplateDetailViewCell.m */,
				1842F3691BC3E7600055597E /* EditTemplateDetailView.h */,
				1842F36A1BC3E7600055597E /* EditTemplateDetailView.m */,
				18327F3C1BC536DD002210BC /* EditTemplateView.h */,
				18327F3D1BC536DD002210BC /* EditTemplateView.m */,
				1842F36C1BC3E7850055597E /* EditTemplateDetailViewCell.h */,
				1842F36D1BC3E7850055597E /* EditTemplateDetailViewCell.m */,
				1842F36F1BC3F1600055597E /* AddNewTemplateView.h */,
				1842F3701BC3F1600055597E /* AddNewTemplateView.m */,
				182394EF1BBD0DCE00D97366 /* Images.xcassets */,
				182394F11BBD0DCE00D97366 /* LaunchScreen.xib */,
				182394E21BBD0DCE00D97366 /* Supporting Files */,
			);
			path = Medico;
			sourceTree = "<group>";
		};
		182394E21BBD0DCE00D97366 /* Supporting Files */ = {
			isa = PBXGroup;
			children = (
				1822C44F1BD4FCC400DD24C0 /* uparrowButton.png */,
				183D1A431BD0F646003E0CFC /* arrowButton.png */,
				18C7DB171BC7BC94005B93A9 /* search.png */,
				187A0C7D1BC67F1F003AC5D9 /* checkRadio.png */,
				187A0C7E1BC67F1F003AC5D9 /* unchechRadio.png */,
				187A0C7B1BC67C78003AC5D9 /* searchButton.png */,
				18327F3A1BC53615002210BC /* upArrow.png */,
				18327F341BC533EE002210BC /* downArrow.png */,
				1842F3201BC3A4AF0055597E /* create.png */,
				1842F3151BC398BA0055597E /* delete.png */,
				18BB054B1BC24DFE00D237CD /* appointment.png */,
				18BB054C1BC24DFE00D237CD /* assistance.png */,
				18BB054D1BC24DFE00D237CD /* calendar.png */,
				18BB054E1BC24DFE00D237CD /* check.png */,
				18BB054F1BC24DFE00D237CD /* checked.png */,
				18BB05501BC24DFE00D237CD /* default.png */,
				18BB05511BC24DFE00D237CD /* doctordefault.png */,
				18BB05521BC24DFE00D237CD /* doctorLanding.png */,
				18BB05531BC24DFE00D237CD /* home.png */,
				18BB05541BC24DFE00D237CD /* location.png */,
				18BB05551BC24DFE00D237CD /* logo.png */,
				18BB05561BC24DFE00D237CD /* logout.png */,
				18BB05571BC24DFE00D237CD /* manageAppointments.png */,
				18BB05581BC24DFE00D237CD /* manageClinics.png */,
				18BB05591BC24DFE00D237CD /* manageFinance.png */,
				18BB055A1BC24DFE00D237CD /* manageTemplates.png */,
				18BB055B1BC24DFE00D237CD /* notifications.png */,
				18BB055C1BC24DFE00D237CD /* patientProfile.png */,
				18BB055D1BC24DFE00D237CD /* refresh.png */,
				18BB055E1BC24DFE00D237CD /* searchDoctor.png */,
				18BB055F1BC24DFE00D237CD /* searchHospital.png */,
				18BB05601BC24DFE00D237CD /* setting.png */,
				18BB05611BC24DFE00D237CD /* unchecked.png */,
				18BB05491BC24DC100D237CD /* manageAssistents.png */,
				182394E31BBD0DCE00D97366 /* Info.plist */,
				182394E41BBD0DCE00D97366 /* main.m */,
			);
			name = "Supporting Files";
			sourceTree = "<group>";
		};
		182394FB1BBD0DCE00D97366 /* MedicoTests */ = {
			isa = PBXGroup;
			children = (
				182394FE1BBD0DCE00D97366 /* MedicoTests.m */,
				182394FC1BBD0DCE00D97366 /* Supporting Files */,
			);
			path = MedicoTests;
			sourceTree = "<group>";
		};
		182394FC1BBD0DCE00D97366 /* Supporting Files */ = {
			isa = PBXGroup;
			children = (
				182394FD1BBD0DCE00D97366 /* Info.plist */,
			);
			name = "Supporting Files";
			sourceTree = "<group>";
		};
/* End PBXGroup section */

/* Begin PBXNativeTarget section */
		182394DE1BBD0DCE00D97366 /* Medico */ = {
			isa = PBXNativeTarget;
			buildConfigurationList = 182395021BBD0DCE00D97366 /* Build configuration list for PBXNativeTarget "Medico" */;
			buildPhases = (
				182394DB1BBD0DCE00D97366 /* Sources */,
				182394DC1BBD0DCE00D97366 /* Frameworks */,
				182394DD1BBD0DCE00D97366 /* Resources */,
			);
			buildRules = (
			);
			dependencies = (
			);
			name = Medico;
			productName = Medico;
			productReference = 182394DF1BBD0DCE00D97366 /* Medico.app */;
			productType = "com.apple.product-type.application";
		};
		182394F71BBD0DCE00D97366 /* MedicoTests */ = {
			isa = PBXNativeTarget;
			buildConfigurationList = 182395051BBD0DCE00D97366 /* Build configuration list for PBXNativeTarget "MedicoTests" */;
			buildPhases = (
				182394F41BBD0DCE00D97366 /* Sources */,
				182394F51BBD0DCE00D97366 /* Frameworks */,
				182394F61BBD0DCE00D97366 /* Resources */,
			);
			buildRules = (
			);
			dependencies = (
				182394FA1BBD0DCE00D97366 /* PBXTargetDependency */,
			);
			name = MedicoTests;
			productName = MedicoTests;
			productReference = 182394F81BBD0DCE00D97366 /* MedicoTests.xctest */;
			productType = "com.apple.product-type.bundle.unit-test";
		};
/* End PBXNativeTarget section */

/* Begin PBXProject section */
		182394D71BBD0DCE00D97366 /* Project object */ = {
			isa = PBXProject;
			attributes = {
				LastUpgradeCheck = 0630;
				ORGANIZATIONNAME = Apple;
				TargetAttributes = {
					182394DE1BBD0DCE00D97366 = {
						CreatedOnToolsVersion = 6.3;
					};
					182394F71BBD0DCE00D97366 = {
						CreatedOnToolsVersion = 6.3;
						TestTargetID = 182394DE1BBD0DCE00D97366;
					};
				};
			};
			buildConfigurationList = 182394DA1BBD0DCE00D97366 /* Build configuration list for PBXProject "Medico" */;
			compatibilityVersion = "Xcode 3.2";
			developmentRegion = English;
			hasScannedForEncodings = 0;
			knownRegions = (
				en,
				Base,
			);
			mainGroup = 182394D61BBD0DCE00D97366;
			productRefGroup = 182394E01BBD0DCE00D97366 /* Products */;
			projectDirPath = "";
			projectRoot = "";
			targets = (
				182394DE1BBD0DCE00D97366 /* Medico */,
				182394F71BBD0DCE00D97366 /* MedicoTests */,
			);
		};
/* End PBXProject section */

/* Begin PBXResourcesBuildPhase section */
		182394DD1BBD0DCE00D97366 /* Resources */ = {
			isa = PBXResourcesBuildPhase;
			buildActionMask = 2147483647;
			files = (
				18BB05641BC24DFE00D237CD /* calendar.png in Resources */,
				18BB05701BC24DFE00D237CD /* manageFinance.png in Resources */,
				18327F361BC533EE002210BC /* downArrow.png in Resources */,
				18BB05771BC24DFE00D237CD /* setting.png in Resources */,
				182394EE1BBD0DCE00D97366 /* Main.storyboard in Resources */,
				1842F3161BC398BA0055597E /* delete.png in Resources */,
				18BB05651BC24DFE00D237CD /* check.png in Resources */,
				18BB05751BC24DFE00D237CD /* searchDoctor.png in Resources */,
				18BB05631BC24DFE00D237CD /* assistance.png in Resources */,
				18BB05781BC24DFE00D237CD /* unchecked.png in Resources */,
				18BB056F1BC24DFE00D237CD /* manageClinics.png in Resources */,
				18BB05711BC24DFE00D237CD /* manageTemplates.png in Resources */,
				18BB056B1BC24DFE00D237CD /* location.png in Resources */,
				183D1A441BD0F646003E0CFC /* arrowButton.png in Resources */,
				18BB05691BC24DFE00D237CD /* doctorLanding.png in Resources */,
				187A0C7C1BC67C78003AC5D9 /* searchButton.png in Resources */,
				186BD6251BCFA87B00B43A8C /* HomeCountPatients.json in Resources */,
				18327F3B1BC53615002210BC /* upArrow.png in Resources */,
				18BB05731BC24DFE00D237CD /* patientProfile.png in Resources */,
				187A0C821BC68ABD003AC5D9 /* ClinicList.json in Resources */,
				18BB056E1BC24DFE00D237CD /* manageAppointments.png in Resources */,
				187A0C801BC67F1F003AC5D9 /* unchechRadio.png in Resources */,
				18BB05721BC24DFE00D237CD /* notifications.png in Resources */,
				18BB05621BC24DFE00D237CD /* appointment.png in Resources */,
				187A0C7F1BC67F1F003AC5D9 /* checkRadio.png in Resources */,
				18BB056D1BC24DFE00D237CD /* logout.png in Resources */,
				18C7DB0D1BC7AC92005B93A9 /* Assistant.json in Resources */,
				182394F31BBD0DCE00D97366 /* LaunchScreen.xib in Resources */,
				18BB05681BC24DFE00D237CD /* doctordefault.png in Resources */,
				18327F221BC4FD79002210BC /* MyDemo.json in Resources */,
				18BB05661BC24DFE00D237CD /* checked.png in Resources */,
				18BB054A1BC24DC100D237CD /* manageAssistents.png in Resources */,
				18C7DB021BC798E6005B93A9 /* Dental.json in Resources */,
				18BB05761BC24DFE00D237CD /* searchHospital.png in Resources */,
				18BB056C1BC24DFE00D237CD /* logo.png in Resources */,
				18C7DB1A1BC7C71B005B93A9 /* Patient.json in Resources */,
				18BB056A1BC24DFE00D237CD /* home.png in Resources */,
				18C7DB181BC7BC94005B93A9 /* search.png in Resources */,
				182394F01BBD0DCE00D97366 /* Images.xcassets in Resources */,
				18BB05671BC24DFE00D237CD /* default.png in Resources */,
				1842F3211BC3A4AF0055597E /* create.png in Resources */,
				1822C4501BD4FCC400DD24C0 /* uparrowButton.png in Resources */,
				18BB05741BC24DFE00D237CD /* refresh.png in Resources */,
			);
			runOnlyForDeploymentPostprocessing = 0;
		};
		182394F61BBD0DCE00D97366 /* Resources */ = {
			isa = PBXResourcesBuildPhase;
			buildActionMask = 2147483647;
			files = (
			);
			runOnlyForDeploymentPostprocessing = 0;
		};
/* End PBXResourcesBuildPhase section */

/* Begin PBXSourcesBuildPhase section */
		182394DB1BBD0DCE00D97366 /* Sources */ = {
			isa = PBXSourcesBuildPhase;
			buildActionMask = 2147483647;
			files = (
				18327F201BC4F5D9002210BC /* DoctorSettingPageView.m in Sources */,
				18C7DB201BC7D277005B93A9 /* PatientProfileTableViewCell.m in Sources */,
				18C7DB051BC799ED005B93A9 /* SearchTemplateCell.m in Sources */,
				18427DBD1BC23DC1002A15FC /* ManageTemplateTableViewController.m in Sources */,
				1897CD991BCCC5570043F0FD /* PatientSettingPageViewController.m in Sources */,
				18327F331BC5234B002210BC /* TemplateDetailCell.m in Sources */,
				18C7DB101BC7AD94005B93A9 /* SearchAssistantCell.m in Sources */,
				1842F3711BC3F1600055597E /* AddNewTemplateView.m in Sources */,
				183D1A4A1BD0FC1D003E0CFC /* PatientClinicAndLabsCell.m in Sources */,
				1842F36E1BC3E7850055597E /* EditTemplateDetailViewCell.m in Sources */,
				184F01D81BCE593800913B23 /* SearchResultAssistantViewController.m in Sources */,
				18C7DB1D1BC7D231005B93A9 /* PatientProfileViewController.m in Sources */,
				1897CDA21BCD2F320043F0FD /* DoctorChangePasswordViewController.m in Sources */,
				18C14F391BC2564300AFF591 /* DetailManageTemplate.m in Sources */,
				186BD6201BCF7F8400B43A8C /* PatientChangePasswordViewController.m in Sources */,
				18C14F421BC2870F00AFF591 /* AssistantRegister.m in Sources */,
				182394EB1BBD0DCE00D97366 /* ViewController.m in Sources */,
				187A0C7A1BC67BA0003AC5D9 /* SearchClinicView.m in Sources */,
				186BD6281BCFB0FF00B43A8C /* PatientLandingPageViewController.m in Sources */,
				18327F2D1BC521C8002210BC /* TemplateDetailViewController.m in Sources */,
				18C7DB0B1BC7AA75005B93A9 /* SearchAssistantView.m in Sources */,
				18327F1D1BC4F1A0002210BC /* DoctorLandingPageView.m in Sources */,
				187A0C851BC68B5D003AC5D9 /* SearchClinicCell.m in Sources */,
				183D1A471BD0FBBC003E0CFC /* PatientClinicAndLabsViewController.m in Sources */,
				1835118E1BCBE5120045BC1C /* ManageDoctorsClinicSettingsViewController.m in Sources */,
				1897CD9F1BCCCD0F0043F0FD /* HowItWorksViewController.m in Sources */,
				18327F1A1BC4E8FC002210BC /* SMSConfirmationView.m in Sources */,
				18AD4AEE1BBD51BE009308AC /* PatientRegisterViewController.m in Sources */,
				1842F31F1BC3A1B50055597E /* AddAssistantView.m in Sources */,
				186BD62B1BCFB5E100B43A8C /* PatientLandingCell.m in Sources */,
				18427DC01BC23E12002A15FC /* ManageTemplateCell.m in Sources */,
				182394E81BBD0DCE00D97366 /* AppDelegate.m in Sources */,
				18327F171BC4E57A002210BC /* ForgotPasswordView.m in Sources */,
				18C7DB001BC792C1005B93A9 /* SearchTemplate.m in Sources */,
				18C7DB081BC7A047005B93A9 /* ClinicInformationView.m in Sources */,
				1842F3651BC3E0300055597E /* TemplateDetailView.m in Sources */,
				1842F31C1BC399A80055597E /* ManageAssistantCell.m in Sources */,
				184F01E11BCE7A1800913B23 /* DoctorLandingCell.m in Sources */,
				18C7DAFA1BC78767005B93A9 /* DetailClinicView.m in Sources */,
				1842F3141BC38F970055597E /* ManageAssistant.m in Sources */,
				18C14F3F1BC2808E00AFF591 /* DoctorRegistrer.m in Sources */,
				186BD61D1BCF78F300B43A8C /* CreateDoctorsClinicSettingsViewController.m in Sources */,
				183D1A4D1BD101D9003E0CFC /* PatientClinicProfileAndAppointmentsViewController.m in Sources */,
				1897CD9C1BCCC9F80043F0FD /* PatientTerms&ConditionsViewController.m in Sources */,
				1842F36B1BC3E7600055597E /* EditTemplateDetailView.m in Sources */,
				1895A1DC1BC8CBF100C8647D /* DetailPatientProfileViewController.m in Sources */,
				182394E51BBD0DCE00D97366 /* main.m in Sources */,
				1842F3681BC3E0530055597E /* TemplateDetailViewCell.m in Sources */,
				1822C4561BD50CD500DD24C0 /* AppointmentContainerViewController.m in Sources */,
				18C14F3C1BC2567900AFF591 /* DetailManageTemplateCell.m in Sources */,
				183511911BCBE56E0045BC1C /* ManageDoctorsClinicSettingsCell.m in Sources */,
				1897CDA51BCD33DA0043F0FD /* ChangePasswordViewController.m in Sources */,
				18327F3E1BC536DD002210BC /* EditTemplateView.m in Sources */,
				1822C4531BD5054000DD24C0 /* ProfileContainerViewController.m in Sources */,
				1822A71E1BBE4BD500019B58 /* LoginPage.m in Sources */,
				186BD6231BCF8B3000B43A8C /* ForgotPasswordVerificationViewController.m in Sources */,
			);
			runOnlyForDeploymentPostprocessing = 0;
		};
		182394F41BBD0DCE00D97366 /* Sources */ = {
			isa = PBXSourcesBuildPhase;
			buildActionMask = 2147483647;
			files = (
				182394FF1BBD0DCE00D97366 /* MedicoTests.m in Sources */,
			);
			runOnlyForDeploymentPostprocessing = 0;
		};
/* End PBXSourcesBuildPhase section */

/* Begin PBXTargetDependency section */
		182394FA1BBD0DCE00D97366 /* PBXTargetDependency */ = {
			isa = PBXTargetDependency;
			target = 182394DE1BBD0DCE00D97366 /* Medico */;
			targetProxy = 182394F91BBD0DCE00D97366 /* PBXContainerItemProxy */;
		};
/* End PBXTargetDependency section */

/* Begin PBXVariantGroup section */
		182394EC1BBD0DCE00D97366 /* Main.storyboard */ = {
			isa = PBXVariantGroup;
			children = (
				182394ED1BBD0DCE00D97366 /* Base */,
			);
			name = Main.storyboard;
			sourceTree = "<group>";
		};
		182394F11BBD0DCE00D97366 /* LaunchScreen.xib */ = {
			isa = PBXVariantGroup;
			children = (
				182394F21BBD0DCE00D97366 /* Base */,
			);
			name = LaunchScreen.xib;
			sourceTree = "<group>";
		};
/* End PBXVariantGroup section */

/* Begin XCBuildConfiguration section */
		182395001BBD0DCE00D97366 /* Debug */ = {
			isa = XCBuildConfiguration;
			buildSettings = {
				ALWAYS_SEARCH_USER_PATHS = NO;
				CLANG_CXX_LANGUAGE_STANDARD = "gnu++0x";
				CLANG_CXX_LIBRARY = "libc++";
				CLANG_ENABLE_MODULES = YES;
				CLANG_ENABLE_OBJC_ARC = YES;
				CLANG_WARN_BOOL_CONVERSION = YES;
				CLANG_WARN_CONSTANT_CONVERSION = YES;
				CLANG_WARN_DIRECT_OBJC_ISA_USAGE = YES_ERROR;
				CLANG_WARN_EMPTY_BODY = YES;
				CLANG_WARN_ENUM_CONVERSION = YES;
				CLANG_WARN_INT_CONVERSION = YES;
				CLANG_WARN_OBJC_ROOT_CLASS = YES_ERROR;
				CLANG_WARN_UNREACHABLE_CODE = YES;
				CLANG_WARN__DUPLICATE_METHOD_MATCH = YES;
				"CODE_SIGN_IDENTITY[sdk=iphoneos*]" = "iPhone Developer";
				COPY_PHASE_STRIP = NO;
				DEBUG_INFORMATION_FORMAT = "dwarf-with-dsym";
				ENABLE_STRICT_OBJC_MSGSEND = YES;
				GCC_C_LANGUAGE_STANDARD = gnu99;
				GCC_DYNAMIC_NO_PIC = NO;
				GCC_NO_COMMON_BLOCKS = YES;
				GCC_OPTIMIZATION_LEVEL = 0;
				GCC_PREPROCESSOR_DEFINITIONS = (
					"DEBUG=1",
					"$(inherited)",
				);
				GCC_SYMBOLS_PRIVATE_EXTERN = NO;
				GCC_WARN_64_TO_32_BIT_CONVERSION = YES;
				GCC_WARN_ABOUT_RETURN_TYPE = YES_ERROR;
				GCC_WARN_UNDECLARED_SELECTOR = YES;
				GCC_WARN_UNINITIALIZED_AUTOS = YES_AGGRESSIVE;
				GCC_WARN_UNUSED_FUNCTION = YES;
				GCC_WARN_UNUSED_VARIABLE = YES;
				IPHONEOS_DEPLOYMENT_TARGET = 8.3;
				MTL_ENABLE_DEBUG_INFO = YES;
				ONLY_ACTIVE_ARCH = YES;
				SDKROOT = iphoneos;
			};
			name = Debug;
		};
		182395011BBD0DCE00D97366 /* Release */ = {
			isa = XCBuildConfiguration;
			buildSettings = {
				ALWAYS_SEARCH_USER_PATHS = NO;
				CLANG_CXX_LANGUAGE_STANDARD = "gnu++0x";
				CLANG_CXX_LIBRARY = "libc++";
				CLANG_ENABLE_MODULES = YES;
				CLANG_ENABLE_OBJC_ARC = YES;
				CLANG_WARN_BOOL_CONVERSION = YES;
				CLANG_WARN_CONSTANT_CONVERSION = YES;
				CLANG_WARN_DIRECT_OBJC_ISA_USAGE = YES_ERROR;
				CLANG_WARN_EMPTY_BODY = YES;
				CLANG_WARN_ENUM_CONVERSION = YES;
				CLANG_WARN_INT_CONVERSION = YES;
				CLANG_WARN_OBJC_ROOT_CLASS = YES_ERROR;
				CLANG_WARN_UNREACHABLE_CODE = YES;
				CLANG_WARN__DUPLICATE_METHOD_MATCH = YES;
				"CODE_SIGN_IDENTITY[sdk=iphoneos*]" = "iPhone Developer";
				COPY_PHASE_STRIP = NO;
				DEBUG_INFORMATION_FORMAT = "dwarf-with-dsym";
				ENABLE_NS_ASSERTIONS = NO;
				ENABLE_STRICT_OBJC_MSGSEND = YES;
				GCC_C_LANGUAGE_STANDARD = gnu99;
				GCC_NO_COMMON_BLOCKS = YES;
				GCC_WARN_64_TO_32_BIT_CONVERSION = YES;
				GCC_WARN_ABOUT_RETURN_TYPE = YES_ERROR;
				GCC_WARN_UNDECLARED_SELECTOR = YES;
				GCC_WARN_UNINITIALIZED_AUTOS = YES_AGGRESSIVE;
				GCC_WARN_UNUSED_FUNCTION = YES;
				GCC_WARN_UNUSED_VARIABLE = YES;
				IPHONEOS_DEPLOYMENT_TARGET = 8.3;
				MTL_ENABLE_DEBUG_INFO = NO;
				SDKROOT = iphoneos;
				VALIDATE_PRODUCT = YES;
			};
			name = Release;
		};
		182395031BBD0DCE00D97366 /* Debug */ = {
			isa = XCBuildConfiguration;
			buildSettings = {
				ASSETCATALOG_COMPILER_APPICON_NAME = AppIcon;
				INFOPLIST_FILE = Medico/Info.plist;
				LD_RUNPATH_SEARCH_PATHS = "$(inherited) @executable_path/Frameworks";
				PRODUCT_NAME = "$(TARGET_NAME)";
			};
			name = Debug;
		};
		182395041BBD0DCE00D97366 /* Release */ = {
			isa = XCBuildConfiguration;
			buildSettings = {
				ASSETCATALOG_COMPILER_APPICON_NAME = AppIcon;
				INFOPLIST_FILE = Medico/Info.plist;
				LD_RUNPATH_SEARCH_PATHS = "$(inherited) @executable_path/Frameworks";
				PRODUCT_NAME = "$(TARGET_NAME)";
			};
			name = Release;
		};
		182395061BBD0DCE00D97366 /* Debug */ = {
			isa = XCBuildConfiguration;
			buildSettings = {
				BUNDLE_LOADER = "$(TEST_HOST)";
				FRAMEWORK_SEARCH_PATHS = (
					"$(SDKROOT)/Developer/Library/Frameworks",
					"$(inherited)",
				);
				GCC_PREPROCESSOR_DEFINITIONS = (
					"DEBUG=1",
					"$(inherited)",
				);
				INFOPLIST_FILE = MedicoTests/Info.plist;
				LD_RUNPATH_SEARCH_PATHS = "$(inherited) @executable_path/Frameworks @loader_path/Frameworks";
				PRODUCT_NAME = "$(TARGET_NAME)";
				TEST_HOST = "$(BUILT_PRODUCTS_DIR)/Medico.app/Medico";
			};
			name = Debug;
		};
		182395071BBD0DCE00D97366 /* Release */ = {
			isa = XCBuildConfiguration;
			buildSettings = {
				BUNDLE_LOADER = "$(TEST_HOST)";
				FRAMEWORK_SEARCH_PATHS = (
					"$(SDKROOT)/Developer/Library/Frameworks",
					"$(inherited)",
				);
				INFOPLIST_FILE = MedicoTests/Info.plist;
				LD_RUNPATH_SEARCH_PATHS = "$(inherited) @executable_path/Frameworks @loader_path/Frameworks";
				PRODUCT_NAME = "$(TARGET_NAME)";
				TEST_HOST = "$(BUILT_PRODUCTS_DIR)/Medico.app/Medico";
			};
			name = Release;
		};
/* End XCBuildConfiguration section */

/* Begin XCConfigurationList section */
		182394DA1BBD0DCE00D97366 /* Build configuration list for PBXProject "Medico" */ = {
			isa = XCConfigurationList;
			buildConfigurations = (
				182395001BBD0DCE00D97366 /* Debug */,
				182395011BBD0DCE00D97366 /* Release */,
			);
			defaultConfigurationIsVisible = 0;
			defaultConfigurationName = Release;
		};
		182395021BBD0DCE00D97366 /* Build configuration list for PBXNativeTarget "Medico" */ = {
			isa = XCConfigurationList;
			buildConfigurations = (
				182395031BBD0DCE00D97366 /* Debug */,
				182395041BBD0DCE00D97366 /* Release */,
			);
			defaultConfigurationIsVisible = 0;
			defaultConfigurationName = Release;
		};
		182395051BBD0DCE00D97366 /* Build configuration list for PBXNativeTarget "MedicoTests" */ = {
			isa = XCConfigurationList;
			buildConfigurations = (
				182395061BBD0DCE00D97366 /* Debug */,
				182395071BBD0DCE00D97366 /* Release */,
			);
			defaultConfigurationIsVisible = 0;
			defaultConfigurationName = Release;
		};
/* End XCConfigurationList section */
	};
	rootObject = 182394D71BBD0DCE00D97366 /* Project object */;
}
